
Microsoft Visual Studio Solution File, Format Version 12.00
# Visual Studio Version 16
VisualStudioVersion = 16.0.30128.74
MinimumVisualStudioVersion = 10.0.40219.1
Project("{9A19103F-16F7-4668-BE54-9A1E7A4F7556}") = "gRPCDemo", "gRPCDemo\gRPCDemo.csproj", "{FE7A8017-5D2B-455B-A64B-F2547203ED4C}"
EndProject
Project("{FAE04EC0-301F-11D3-BF4B-00C04F79EFBC}") = "gRPCClient", "gRPCClient\gRPCClient.csproj", "{82B0A4B2-9CE5-44A3-B248-8F114093915E}"
EndProject
Global
	GlobalSection(SolutionConfigurationPlatforms) = preSolution
		Debug|Any CPU = Debug|Any CPU
		Release|Any CPU = Release|Any CPU
	EndGlobalSection
	GlobalSection(ProjectConfigurationPlatforms) = postSolution
		{FE7A8017-5D2B-455B-A64B-F2547203ED4C}.Debug|Any CPU.ActiveCfg = Debug|Any CPU
		{FE7A8017-5D2B-455B-A64B-F2547203ED4C}.Debug|Any CPU.Build.0 = Debug|Any CPU
		{FE7A8017-5D2B-455B-A64B-F2547203ED4C}.Release|Any CPU.ActiveCfg = Release|Any CPU
		{FE7A8017-5D2B-455B-A64B-F2547203ED4C}.Release|Any CPU.Build.0 = Release|Any CPU
		{82B0A4B2-9CE5-44A3-B248-8F114093915E}.Debug|Any CPU.ActiveCfg = Debug|Any CPU
		{82B0A4B2-9CE5-44A3-B248-8F114093915E}.Debug|Any CPU.Build.0 = Debug|Any CPU
		{82B0A4B2-9CE5-44A3-B248-8F114093915E}.Release|Any CPU.ActiveCfg = Release|Any CPU
		{82B0A4B2-9CE5-44A3-B248-8F114093915E}.Release|Any CPU.Build.0 = Release|Any CPU
	EndGlobalSection
	GlobalSection(SolutionProperties) = preSolution
		HideSolutionNode = FALSE
	EndGlobalSection
	GlobalSection(ExtensibilityGlobals) = postSolution
		SolutionGuid = {ABE8BFB1-823B-42F1-BC01-9C18BD5CB002}
	EndGlobalSection
EndGlobal
